
Microsoft Visual Studio Solution File, Format Version 12.00
# Visual Studio Version 17
VisualStudioVersion = 17.9.34728.123
MinimumVisualStudioVersion = 10.0.40219.1
Project("{FAE04EC0-301F-11D3-BF4B-00C04F79EFBC}") = "FilipKateryna.RobotChallenge", "FilipKateryna.RobotChallenge.csproj", "{0C5F2608-48B6-498C-B95D-3C5FD0DE5E3D}"
EndProject
Project("{FAE04EC0-301F-11D3-BF4B-00C04F79EFBC}") = "FilipKateryna.RobotChallenge.Test", "..\FilipKateryna.RobotChallange.Test\FilipKateryna.RobotChallenge.Test.csproj", "{E159D3D7-C21D-471E-BC36-F67C5F7F0384}"
EndProject
Global
	GlobalSection(SolutionConfigurationPlatforms) = preSolution
		Debug|Any CPU = Debug|Any CPU
		Release|Any CPU = Release|Any CPU
	EndGlobalSection
	GlobalSection(ProjectConfigurationPlatforms) = postSolution
		{0C5F2608-48B6-498C-B95D-3C5FD0DE5E3D}.Debug|Any CPU.ActiveCfg = Debug|Any CPU
		{0C5F2608-48B6-498C-B95D-3C5FD0DE5E3D}.Debug|Any CPU.Build.0 = Debug|Any CPU
		{0C5F2608-48B6-498C-B95D-3C5FD0DE5E3D}.Release|Any CPU.ActiveCfg = Release|Any CPU
		{0C5F2608-48B6-498C-B95D-3C5FD0DE5E3D}.Release|Any CPU.Build.0 = Release|Any CPU
		{E159D3D7-C21D-471E-BC36-F67C5F7F0384}.Debug|Any CPU.ActiveCfg = Debug|Any CPU
		{E159D3D7-C21D-471E-BC36-F67C5F7F0384}.Debug|Any CPU.Build.0 = Debug|Any CPU
		{E159D3D7-C21D-471E-BC36-F67C5F7F0384}.Release|Any CPU.ActiveCfg = Release|Any CPU
		{E159D3D7-C21D-471E-BC36-F67C5F7F0384}.Release|Any CPU.Build.0 = Release|Any CPU
	EndGlobalSection
	GlobalSection(SolutionProperties) = preSolution
		HideSolutionNode = FALSE
	EndGlobalSection
	GlobalSection(ExtensibilityGlobals) = postSolution
		SolutionGuid = {E8B3BD03-15EF-41DF-8870-B4AE365914C7}
	EndGlobalSection
EndGlobal
